
Microsoft Visual Studio Solution File, Format Version 12.00
# Visual Studio 15
VisualStudioVersion = 15.0.28010.2003
MinimumVisualStudioVersion = 10.0.40219.1
Project("{FAE04EC0-301F-11D3-BF4B-00C04F79EFBC}") = "Infrastructure.Watcher", "Infrastructure.Watcher\Infrastructure.Watcher.csproj", "{FA19F828-96B6-4A85-8837-CD6F5FD18182}"
EndProject
Project("{FAE04EC0-301F-11D3-BF4B-00C04F79EFBC}") = "Core", "Core\Core.csproj", "{0BB5728B-2B52-442C-8281-93CF765A06E4}"
EndProject
Project("{FAE04EC0-301F-11D3-BF4B-00C04F79EFBC}") = "UBS.Web", "UBS.Web\UBS.Web.csproj", "{7821FA7F-15FD-486C-B651-374FF0BBCC4A}"
EndProject
Global
	GlobalSection(SolutionConfigurationPlatforms) = preSolution
		Debug|Any CPU = Debug|Any CPU
		Release|Any CPU = Release|Any CPU
	EndGlobalSection
	GlobalSection(ProjectConfigurationPlatforms) = postSolution
		{FA19F828-96B6-4A85-8837-CD6F5FD18182}.Debug|Any CPU.ActiveCfg = Debug|Any CPU
		{FA19F828-96B6-4A85-8837-CD6F5FD18182}.Debug|Any CPU.Build.0 = Debug|Any CPU
		{FA19F828-96B6-4A85-8837-CD6F5FD18182}.Release|Any CPU.ActiveCfg = Release|Any CPU
		{FA19F828-96B6-4A85-8837-CD6F5FD18182}.Release|Any CPU.Build.0 = Release|Any CPU
		{0BB5728B-2B52-442C-8281-93CF765A06E4}.Debug|Any CPU.ActiveCfg = Debug|Any CPU
		{0BB5728B-2B52-442C-8281-93CF765A06E4}.Debug|Any CPU.Build.0 = Debug|Any CPU
		{0BB5728B-2B52-442C-8281-93CF765A06E4}.Release|Any CPU.ActiveCfg = Release|Any CPU
		{0BB5728B-2B52-442C-8281-93CF765A06E4}.Release|Any CPU.Build.0 = Release|Any CPU
		{7821FA7F-15FD-486C-B651-374FF0BBCC4A}.Debug|Any CPU.ActiveCfg = Debug|Any CPU
		{7821FA7F-15FD-486C-B651-374FF0BBCC4A}.Debug|Any CPU.Build.0 = Debug|Any CPU
		{7821FA7F-15FD-486C-B651-374FF0BBCC4A}.Release|Any CPU.ActiveCfg = Release|Any CPU
		{7821FA7F-15FD-486C-B651-374FF0BBCC4A}.Release|Any CPU.Build.0 = Release|Any CPU
	EndGlobalSection
	GlobalSection(SolutionProperties) = preSolution
		HideSolutionNode = FALSE
	EndGlobalSection
	GlobalSection(ExtensibilityGlobals) = postSolution
		SolutionGuid = {5B63FF7D-9171-4DEE-AC2F-52E95A51C8AB}
	EndGlobalSection
EndGlobal
